// !$*UTF8*$!
{
	archiveVersion = 1;
	classes = {
	};
	objectVersion = 55;
	objects = {

/* Begin PBXBuildFile section */
		ACA67208CB114C0AA33436EA /* Pods_Flash_Chat.framework in Frameworks */ = {isa = PBXBuildFile; fileRef = 7ADA1A78B2309675DF9B80FD /* Pods_Flash_Chat.framework */; };
		E12E34A128C5C206001A7627 /* IQKeyboardManagerSwift in Frameworks */ = {isa = PBXBuildFile; productRef = E12E34A028C5C206001A7627 /* IQKeyboardManagerSwift */; };
		E1C162AC28C585D800D9BA0C /* AppDelegate.swift in Sources */ = {isa = PBXBuildFile; fileRef = E1C162AB28C585D800D9BA0C /* AppDelegate.swift */; };
		E1C162AE28C585D800D9BA0C /* SceneDelegate.swift in Sources */ = {isa = PBXBuildFile; fileRef = E1C162AD28C585D800D9BA0C /* SceneDelegate.swift */; };
		E1C162B528C585DB00D9BA0C /* Assets.xcassets in Resources */ = {isa = PBXBuildFile; fileRef = E1C162B428C585DB00D9BA0C /* Assets.xcassets */; };
		E1C162B828C585DB00D9BA0C /* LaunchScreen.storyboard in Resources */ = {isa = PBXBuildFile; fileRef = E1C162B628C585DB00D9BA0C /* LaunchScreen.storyboard */; };
		E1C162CA28C5873200D9BA0C /* LoginViewController.swift in Sources */ = {isa = PBXBuildFile; fileRef = E1C162C628C5873100D9BA0C /* LoginViewController.swift */; };
		E1C162CB28C5873200D9BA0C /* RegisterViewController.swift in Sources */ = {isa = PBXBuildFile; fileRef = E1C162C728C5873100D9BA0C /* RegisterViewController.swift */; };
		E1C162CC28C5873200D9BA0C /* ChatViewController.swift in Sources */ = {isa = PBXBuildFile; fileRef = E1C162C828C5873200D9BA0C /* ChatViewController.swift */; };
		E1C162CD28C5873200D9BA0C /* WelcomeViewController.swift in Sources */ = {isa = PBXBuildFile; fileRef = E1C162C928C5873200D9BA0C /* WelcomeViewController.swift */; };
		E1C162CF28C5875500D9BA0C /* Main.storyboard in Resources */ = {isa = PBXBuildFile; fileRef = E1C162CE28C5875500D9BA0C /* Main.storyboard */; };
		E1C162D528C59A6F00D9BA0C /* GoogleService-Info.plist in Resources */ = {isa = PBXBuildFile; fileRef = E1C162D428C59A6F00D9BA0C /* GoogleService-Info.plist */; };
		E1C162D728C5B5CA00D9BA0C /* Constants.swift in Sources */ = {isa = PBXBuildFile; fileRef = E1C162D628C5B5CA00D9BA0C /* Constants.swift */; };
		E1C162DA28C5B88100D9BA0C /* Message.swift in Sources */ = {isa = PBXBuildFile; fileRef = E1C162D928C5B88100D9BA0C /* Message.swift */; };
		E1C162DD28C5B8F300D9BA0C /* MessageCell.swift in Sources */ = {isa = PBXBuildFile; fileRef = E1C162DB28C5B8F100D9BA0C /* MessageCell.swift */; };
		E1C162DE28C5B8F300D9BA0C /* MessageCell.xib in Resources */ = {isa = PBXBuildFile; fileRef = E1C162DC28C5B8F300D9BA0C /* MessageCell.xib */; };
/* End PBXBuildFile section */

/* Begin PBXFileReference section */
		7ADA1A78B2309675DF9B80FD /* Pods_Flash_Chat.framework */ = {isa = PBXFileReference; explicitFileType = wrapper.framework; includeInIndex = 0; path = Pods_Flash_Chat.framework; sourceTree = BUILT_PRODUCTS_DIR; };
		923675F6BF1DE8D82EF086D2 /* Pods-Flash Chat.release.xcconfig */ = {isa = PBXFileReference; includeInIndex = 1; lastKnownFileType = text.xcconfig; name = "Pods-Flash Chat.release.xcconfig"; path = "Target Support Files/Pods-Flash Chat/Pods-Flash Chat.release.xcconfig"; sourceTree = "<group>"; };
		DDBCF139F7F9D611A740B8B1 /* Pods-Flash Chat.debug.xcconfig */ = {isa = PBXFileReference; includeInIndex = 1; lastKnownFileType = text.xcconfig; name = "Pods-Flash Chat.debug.xcconfig"; path = "Target Support Files/Pods-Flash Chat/Pods-Flash Chat.debug.xcconfig"; sourceTree = "<group>"; };
		E1C162A828C585D800D9BA0C /* Flash Chat.app */ = {isa = PBXFileReference; explicitFileType = wrapper.application; includeInIndex = 0; path = "Flash Chat.app"; sourceTree = BUILT_PRODUCTS_DIR; };
		E1C162AB28C585D800D9BA0C /* AppDelegate.swift */ = {isa = PBXFileReference; lastKnownFileType = sourcecode.swift; path = AppDelegate.swift; sourceTree = "<group>"; };
		E1C162AD28C585D800D9BA0C /* SceneDelegate.swift */ = {isa = PBXFileReference; lastKnownFileType = sourcecode.swift; path = SceneDelegate.swift; sourceTree = "<group>"; };
		E1C162B428C585DB00D9BA0C /* Assets.xcassets */ = {isa = PBXFileReference; lastKnownFileType = folder.assetcatalog; path = Assets.xcassets; sourceTree = "<group>"; };
		E1C162B728C585DB00D9BA0C /* Base */ = {isa = PBXFileReference; lastKnownFileType = file.storyboard; name = Base; path = Base.lproj/LaunchScreen.storyboard; sourceTree = "<group>"; };
		E1C162B928C585DB00D9BA0C /* Info.plist */ = {isa = PBXFileReference; lastKnownFileType = text.plist.xml; path = Info.plist; sourceTree = "<group>"; };
		E1C162C628C5873100D9BA0C /* LoginViewController.swift */ = {isa = PBXFileReference; fileEncoding = 4; lastKnownFileType = sourcecode.swift; path = LoginViewController.swift; sourceTree = "<group>"; };
		E1C162C728C5873100D9BA0C /* RegisterViewController.swift */ = {isa = PBXFileReference; fileEncoding = 4; lastKnownFileType = sourcecode.swift; path = RegisterViewController.swift; sourceTree = "<group>"; };
		E1C162C828C5873200D9BA0C /* ChatViewController.swift */ = {isa = PBXFileReference; fileEncoding = 4; lastKnownFileType = sourcecode.swift; path = ChatViewController.swift; sourceTree = "<group>"; };
		E1C162C928C5873200D9BA0C /* WelcomeViewController.swift */ = {isa = PBXFileReference; fileEncoding = 4; lastKnownFileType = sourcecode.swift; path = WelcomeViewController.swift; sourceTree = "<group>"; };
		E1C162CE28C5875500D9BA0C /* Main.storyboard */ = {isa = PBXFileReference; fileEncoding = 4; lastKnownFileType = file.storyboard; path = Main.storyboard; sourceTree = "<group>"; };
		E1C162D428C59A6F00D9BA0C /* GoogleService-Info.plist */ = {isa = PBXFileReference; fileEncoding = 4; lastKnownFileType = text.plist.xml; path = "GoogleService-Info.plist"; sourceTree = "<group>"; };
		E1C162D628C5B5CA00D9BA0C /* Constants.swift */ = {isa = PBXFileReference; lastKnownFileType = sourcecode.swift; path = Constants.swift; sourceTree = "<group>"; };
		E1C162D928C5B88100D9BA0C /* Message.swift */ = {isa = PBXFileReference; fileEncoding = 4; lastKnownFileType = sourcecode.swift; path = Message.swift; sourceTree = "<group>"; };
		E1C162DB28C5B8F100D9BA0C /* MessageCell.swift */ = {isa = PBXFileReference; fileEncoding = 4; lastKnownFileType = sourcecode.swift; path = MessageCell.swift; sourceTree = "<group>"; };
		E1C162DC28C5B8F300D9BA0C /* MessageCell.xib */ = {isa = PBXFileReference; fileEncoding = 4; lastKnownFileType = file.xib; path = MessageCell.xib; sourceTree = "<group>"; };
/* End PBXFileReference section */

/* Begin PBXFrameworksBuildPhase section */
		E1C162A528C585D800D9BA0C /* Frameworks */ = {
			isa = PBXFrameworksBuildPhase;
			buildActionMask = 2147483647;
			files = (
				ACA67208CB114C0AA33436EA /* Pods_Flash_Chat.framework in Frameworks */,
				E12E34A128C5C206001A7627 /* IQKeyboardManagerSwift in Frameworks */,
			);
			runOnlyForDeploymentPostprocessing = 0;
		};
/* End PBXFrameworksBuildPhase section */

/* Begin PBXGroup section */
		1B40CB446AF42B8BB1A7D549 /* Pods */ = {
			isa = PBXGroup;
			children = (
				DDBCF139F7F9D611A740B8B1 /* Pods-Flash Chat.debug.xcconfig */,
				923675F6BF1DE8D82EF086D2 /* Pods-Flash Chat.release.xcconfig */,
			);
			path = Pods;
			sourceTree = "<group>";
		};
		5AC882F7CB7BD190F65CF7D0 /* Frameworks */ = {
			isa = PBXGroup;
			children = (
				7ADA1A78B2309675DF9B80FD /* Pods_Flash_Chat.framework */,
			);
			name = Frameworks;
			sourceTree = "<group>";
		};
		E1C1629F28C585D800D9BA0C = {
			isa = PBXGroup;
			children = (
				E1C162AA28C585D800D9BA0C /* Flash Chat */,
				E1C162A928C585D800D9BA0C /* Products */,
				1B40CB446AF42B8BB1A7D549 /* Pods */,
				5AC882F7CB7BD190F65CF7D0 /* Frameworks */,
			);
			sourceTree = "<group>";
		};
		E1C162A928C585D800D9BA0C /* Products */ = {
			isa = PBXGroup;
			children = (
				E1C162A828C585D800D9BA0C /* Flash Chat.app */,
			);
			name = Products;
			sourceTree = "<group>";
		};
		E1C162AA28C585D800D9BA0C /* Flash Chat */ = {
			isa = PBXGroup;
			children = (
				E1C162AB28C585D800D9BA0C /* AppDelegate.swift */,
				E1C162AD28C585D800D9BA0C /* SceneDelegate.swift */,
				E1C162D828C5B86800D9BA0C /* Models */,
				E1C162C428C5870F00D9BA0C /* Views */,
				E1C162C528C5872300D9BA0C /* Controllers */,
				E1C162B428C585DB00D9BA0C /* Assets.xcassets */,
				E1C162B628C585DB00D9BA0C /* LaunchScreen.storyboard */,
				E1C162B928C585DB00D9BA0C /* Info.plist */,
				E1C162D428C59A6F00D9BA0C /* GoogleService-Info.plist */,
				E1C162D628C5B5CA00D9BA0C /* Constants.swift */,
			);
			path = "Flash Chat";
			sourceTree = "<group>";
		};
		E1C162C428C5870F00D9BA0C /* Views */ = {
			isa = PBXGroup;
			children = (
				E1C162CE28C5875500D9BA0C /* Main.storyboard */,
				E1C162DB28C5B8F100D9BA0C /* MessageCell.swift */,
				E1C162DC28C5B8F300D9BA0C /* MessageCell.xib */,
			);
			path = Views;
			sourceTree = "<group>";
		};
		E1C162C528C5872300D9BA0C /* Controllers */ = {
			isa = PBXGroup;
			children = (
				E1C162C928C5873200D9BA0C /* WelcomeViewController.swift */,
				E1C162C728C5873100D9BA0C /* RegisterViewController.swift */,
				E1C162C628C5873100D9BA0C /* LoginViewController.swift */,
				E1C162C828C5873200D9BA0C /* ChatViewController.swift */,
			);
			path = Controllers;
			sourceTree = "<group>";
		};
		E1C162D828C5B86800D9BA0C /* Models */ = {
			isa = PBXGroup;
			children = (
				E1C162D928C5B88100D9BA0C /* Message.swift */,
			);
			path = Models;
			sourceTree = "<group>";
		};
/* End PBXGroup section */

/* Begin PBXNativeTarget section */
		E1C162A728C585D800D9BA0C /* Flash Chat */ = {
			isa = PBXNativeTarget;
			buildConfigurationList = E1C162BC28C585DB00D9BA0C /* Build configuration list for PBXNativeTarget "Flash Chat" */;
			buildPhases = (
				CC168FEA0DC0ED137E0BAA65 /* [CP] Check Pods Manifest.lock */,
				E1C162A428C585D800D9BA0C /* Sources */,
				E1C162A528C585D800D9BA0C /* Frameworks */,
				E1C162A628C585D800D9BA0C /* Resources */,
				3A07396E78AB7660F37A1BFA /* [CP] Embed Pods Frameworks */,
			);
			buildRules = (
			);
			dependencies = (
			);
			name = "Flash Chat";
			packageProductDependencies = (
				E12E34A028C5C206001A7627 /* IQKeyboardManagerSwift */,
			);
			productName = "Flash Chat";
			productReference = E1C162A828C585D800D9BA0C /* Flash Chat.app */;
			productType = "com.apple.product-type.application";
		};
/* End PBXNativeTarget section */

/* Begin PBXProject section */
		E1C162A028C585D800D9BA0C /* Project object */ = {
			isa = PBXProject;
			attributes = {
				BuildIndependentTargetsInParallel = 1;
				LastSwiftUpdateCheck = 1340;
				LastUpgradeCheck = 1340;
				TargetAttributes = {
					E1C162A728C585D800D9BA0C = {
						CreatedOnToolsVersion = 13.4.1;
					};
				};
			};
			buildConfigurationList = E1C162A328C585D800D9BA0C /* Build configuration list for PBXProject "Flash Chat" */;
			compatibilityVersion = "Xcode 13.0";
			developmentRegion = en;
			hasScannedForEncodings = 0;
			knownRegions = (
				en,
				Base,
			);
			mainGroup = E1C1629F28C585D800D9BA0C;
			packageReferences = (
				E12E349F28C5C206001A7627 /* XCRemoteSwiftPackageReference "IQKeyboardManager" */,
			);
			productRefGroup = E1C162A928C585D800D9BA0C /* Products */;
			projectDirPath = "";
			projectRoot = "";
			targets = (
				E1C162A728C585D800D9BA0C /* Flash Chat */,
			);
		};
/* End PBXProject section */

/* Begin PBXResourcesBuildPhase section */
		E1C162A628C585D800D9BA0C /* Resources */ = {
			isa = PBXResourcesBuildPhase;
			buildActionMask = 2147483647;
			files = (
				E1C162DE28C5B8F300D9BA0C /* MessageCell.xib in Resources */,
				E1C162B828C585DB00D9BA0C /* LaunchScreen.storyboard in Resources */,
				E1C162D528C59A6F00D9BA0C /* GoogleService-Info.plist in Resources */,
				E1C162B528C585DB00D9BA0C /* Assets.xcassets in Resources */,
				E1C162CF28C5875500D9BA0C /* Main.storyboard in Resources */,
			);
			runOnlyForDeploymentPostprocessing = 0;
		};
/* End PBXResourcesBuildPhase section */

/* Begin PBXShellScriptBuildPhase section */
		3A07396E78AB7660F37A1BFA /* [CP] Embed Pods Frameworks */ = {
			isa = PBXShellScriptBuildPhase;
			buildActionMask = 2147483647;
			files = (
			);
			inputFileListPaths = (
				"${PODS_ROOT}/Target Support Files/Pods-Flash Chat/Pods-Flash Chat-frameworks-${CONFIGURATION}-input-files.xcfilelist",
			);
			name = "[CP] Embed Pods Frameworks";
			outputFileListPaths = (
				"${PODS_ROOT}/Target Support Files/Pods-Flash Chat/Pods-Flash Chat-frameworks-${CONFIGURATION}-output-files.xcfilelist",
			);
			runOnlyForDeploymentPostprocessing = 0;
			shellPath = /bin/sh;
			shellScript = "\"${PODS_ROOT}/Target Support Files/Pods-Flash Chat/Pods-Flash Chat-frameworks.sh\"\n";
			showEnvVarsInLog = 0;
		};
		CC168FEA0DC0ED137E0BAA65 /* [CP] Check Pods Manifest.lock */ = {
			isa = PBXShellScriptBuildPhase;
			buildActionMask = 2147483647;
			files = (
			);
			inputFileListPaths = (
			);
			inputPaths = (
				"${PODS_PODFILE_DIR_PATH}/Podfile.lock",
				"${PODS_ROOT}/Manifest.lock",
			);
			name = "[CP] Check Pods Manifest.lock";
			outputFileListPaths = (
			);
			outputPaths = (
				"$(DERIVED_FILE_DIR)/Pods-Flash Chat-checkManifestLockResult.txt",
			);
			runOnlyForDeploymentPostprocessing = 0;
			shellPath = /bin/sh;
			shellScript = "diff \"${PODS_PODFILE_DIR_PATH}/Podfile.lock\" \"${PODS_ROOT}/Manifest.lock\" > /dev/null\nif [ $? != 0 ] ; then\n    # print error to STDERR\n    echo \"error: The sandbox is not in sync with the Podfile.lock. Run 'pod install' or update your CocoaPods installation.\" >&2\n    exit 1\nfi\n# This output is used by Xcode 'outputs' to avoid re-running this script phase.\necho \"SUCCESS\" > \"${SCRIPT_OUTPUT_FILE_0}\"\n";
			showEnvVarsInLog = 0;
		};
/* End PBXShellScriptBuildPhase section */

/* Begin PBXSourcesBuildPhase section */
		E1C162A428C585D800D9BA0C /* Sources */ = {
			isa = PBXSourcesBuildPhase;
			buildActionMask = 2147483647;
			files = (
				E1C162CA28C5873200D9BA0C /* LoginViewController.swift in Sources */,
				E1C162AC28C585D800D9BA0C /* AppDelegate.swift in Sources */,
				E1C162AE28C585D800D9BA0C /* SceneDelegate.swift in Sources */,
				E1C162CD28C5873200D9BA0C /* WelcomeViewController.swift in Sources */,
				E1C162D728C5B5CA00D9BA0C /* Constants.swift in Sources */,
				E1C162DA28C5B88100D9BA0C /* Message.swift in Sources */,
				E1C162CC28C5873200D9BA0C /* ChatViewController.swift in Sources */,
				E1C162CB28C5873200D9BA0C /* RegisterViewController.swift in Sources */,
				E1C162DD28C5B8F300D9BA0C /* MessageCell.swift in Sources */,
			);
			runOnlyForDeploymentPostprocessing = 0;
		};
/* End PBXSourcesBuildPhase section */

/* Begin PBXVariantGroup section */
		E1C162B628C585DB00D9BA0C /* LaunchScreen.storyboard */ = {
			isa = PBXVariantGroup;
			children = (
				E1C162B728C585DB00D9BA0C /* Base */,
			);
			name = LaunchScreen.storyboard;
			sourceTree = "<group>";
		};
/* End PBXVariantGroup section */

/* Begin XCBuildConfiguration section */
		E1C162BA28C585DB00D9BA0C /* Debug */ = {
			isa = XCBuildConfiguration;
			buildSettings = {
				ALWAYS_SEARCH_USER_PATHS = NO;
				CLANG_ANALYZER_NONNULL = YES;
				CLANG_ANALYZER_NUMBER_OBJECT_CONVERSION = YES_AGGRESSIVE;
				CLANG_CXX_LANGUAGE_STANDARD = "gnu++17";
				CLANG_ENABLE_MODULES = YES;
				CLANG_ENABLE_OBJC_ARC = YES;
				CLANG_ENABLE_OBJC_WEAK = YES;
				CLANG_WARN_BLOCK_CAPTURE_AUTORELEASING = YES;
				CLANG_WARN_BOOL_CONVERSION = YES;
				CLANG_WARN_COMMA = YES;
				CLANG_WARN_CONSTANT_CONVERSION = YES;
				CLANG_WARN_DEPRECATED_OBJC_IMPLEMENTATIONS = YES;
				CLANG_WARN_DIRECT_OBJC_ISA_USAGE = YES_ERROR;
				CLANG_WARN_DOCUMENTATION_COMMENTS = YES;
				CLANG_WARN_EMPTY_BODY = YES;
				CLANG_WARN_ENUM_CONVERSION = YES;
				CLANG_WARN_INFINITE_RECURSION = YES;
				CLANG_WARN_INT_CONVERSION = YES;
				CLANG_WARN_NON_LITERAL_NULL_CONVERSION = YES;
				CLANG_WARN_OBJC_IMPLICIT_RETAIN_SELF = YES;
				CLANG_WARN_OBJC_LITERAL_CONVERSION = YES;
				CLANG_WARN_OBJC_ROOT_CLASS = YES_ERROR;
				CLANG_WARN_QUOTED_INCLUDE_IN_FRAMEWORK_HEADER = YES;
				CLANG_WARN_RANGE_LOOP_ANALYSIS = YES;
				CLANG_WARN_STRICT_PROTOTYPES = YES;
				CLANG_WARN_SUSPICIOUS_MOVE = YES;
				CLANG_WARN_UNGUARDED_AVAILABILITY = YES_AGGRESSIVE;
				CLANG_WARN_UNREACHABLE_CODE = YES;
				CLANG_WARN__DUPLICATE_METHOD_MATCH = YES;
				COPY_PHASE_STRIP = NO;
				DEBUG_INFORMATION_FORMAT = dwarf;
				ENABLE_STRICT_OBJC_MSGSEND = YES;
				ENABLE_TESTABILITY = YES;
				GCC_C_LANGUAGE_STANDARD = gnu11;
				GCC_DYNAMIC_NO_PIC = NO;
				GCC_NO_COMMON_BLOCKS = YES;
				GCC_OPTIMIZATION_LEVEL = 0;
				GCC_PREPROCESSOR_DEFINITIONS = (
					"DEBUG=1",
					"$(inherited)",
				);
				GCC_WARN_64_TO_32_BIT_CONVERSION = YES;
				GCC_WARN_ABOUT_RETURN_TYPE = YES_ERROR;
				GCC_WARN_UNDECLARED_SELECTOR = YES;
				GCC_WARN_UNINITIALIZED_AUTOS = YES_AGGRESSIVE;
				GCC_WARN_UNUSED_FUNCTION = YES;
				GCC_WARN_UNUSED_VARIABLE = YES;
				IPHONEOS_DEPLOYMENT_TARGET = 15.5;
				MTL_ENABLE_DEBUG_INFO = INCLUDE_SOURCE;
				MTL_FAST_MATH = YES;
				ONLY_ACTIVE_ARCH = YES;
				SDKROOT = iphoneos;
				SWIFT_ACTIVE_COMPILATION_CONDITIONS = DEBUG;
				SWIFT_OPTIMIZATION_LEVEL = "-Onone";
			};
			name = Debug;
		};
		E1C162BB28C585DB00D9BA0C /* Release */ = {
			isa = XCBuildConfiguration;
			buildSettings = {
				ALWAYS_SEARCH_USER_PATHS = NO;
				CLANG_ANALYZER_NONNULL = YES;
				CLANG_ANALYZER_NUMBER_OBJECT_CONVERSION = YES_AGGRESSIVE;
				CLANG_CXX_LANGUAGE_STANDARD = "gnu++17";
				CLANG_ENABLE_MODULES = YES;
				CLANG_ENABLE_OBJC_ARC = YES;
				CLANG_ENABLE_OBJC_WEAK = YES;
				CLANG_WARN_BLOCK_CAPTURE_AUTORELEASING = YES;
				CLANG_WARN_BOOL_CONVERSION = YES;
				CLANG_WARN_COMMA = YES;
				CLANG_WARN_CONSTANT_CONVERSION = YES;
				CLANG_WARN_DEPRECATED_OBJC_IMPLEMENTATIONS = YES;
				CLANG_WARN_DIRECT_OBJC_ISA_USAGE = YES_ERROR;
				CLANG_WARN_DOCUMENTATION_COMMENTS = YES;
				CLANG_WARN_EMPTY_BODY = YES;
				CLANG_WARN_ENUM_CONVERSION = YES;
				CLANG_WARN_INFINITE_RECURSION = YES;
				CLANG_WARN_INT_CONVERSION = YES;
				CLANG_WARN_NON_LITERAL_NULL_CONVERSION = YES;
				CLANG_WARN_OBJC_IMPLICIT_RETAIN_SELF = YES;
				CLANG_WARN_OBJC_LITERAL_CONVERSION = YES;
				CLANG_WARN_OBJC_ROOT_CLASS = YES_ERROR;
				CLANG_WARN_QUOTED_INCLUDE_IN_FRAMEWORK_HEADER = YES;
				CLANG_WARN_RANGE_LOOP_ANALYSIS = YES;
				CLANG_WARN_STRICT_PROTOTYPES = YES;
				CLANG_WARN_SUSPICIOUS_MOVE = YES;
				CLANG_WARN_UNGUARDED_AVAILABILITY = YES_AGGRESSIVE;
				CLANG_WARN_UNREACHABLE_CODE = YES;
				CLANG_WARN__DUPLICATE_METHOD_MATCH = YES;
				COPY_PHASE_STRIP = NO;
				DEBUG_INFORMATION_FORMAT = "dwarf-with-dsym";
				ENABLE_NS_ASSERTIONS = NO;
				ENABLE_STRICT_OBJC_MSGSEND = YES;
				GCC_C_LANGUAGE_STANDARD = gnu11;
				GCC_NO_COMMON_BLOCKS = YES;
				GCC_WARN_64_TO_32_BIT_CONVERSION = YES;
				GCC_WARN_ABOUT_RETURN_TYPE = YES_ERROR;
				GCC_WARN_UNDECLARED_SELECTOR = YES;
				GCC_WARN_UNINITIALIZED_AUTOS = YES_AGGRESSIVE;
				GCC_WARN_UNUSED_FUNCTION = YES;
				GCC_WARN_UNUSED_VARIABLE = YES;
				IPHONEOS_DEPLOYMENT_TARGET = 15.5;
				MTL_ENABLE_DEBUG_INFO = NO;
				MTL_FAST_MATH = YES;
				SDKROOT = iphoneos;
				SWIFT_COMPILATION_MODE = wholemodule;
				SWIFT_OPTIMIZATION_LEVEL = "-O";
				VALIDATE_PRODUCT = YES;
			};
			name = Release;
		};
		E1C162BD28C585DB00D9BA0C /* Debug */ = {
			isa = XCBuildConfiguration;
			baseConfigurationReference = DDBCF139F7F9D611A740B8B1 /* Pods-Flash Chat.debug.xcconfig */;
			buildSettings = {
				ASSETCATALOG_COMPILER_APPICON_NAME = AppIcon;
				ASSETCATALOG_COMPILER_GLOBAL_ACCENT_COLOR_NAME = AccentColor;
				CODE_SIGN_STYLE = Automatic;
				CURRENT_PROJECT_VERSION = 1;
				DEVELOPMENT_TEAM = 9MQ9GC3A9C;
				GENERATE_INFOPLIST_FILE = YES;
				INFOPLIST_FILE = "Flash Chat/Info.plist";
				INFOPLIST_KEY_UIApplicationSupportsIndirectInputEvents = YES;
				INFOPLIST_KEY_UILaunchStoryboardName = LaunchScreen;
				INFOPLIST_KEY_UIMainStoryboardFile = Main;
				INFOPLIST_KEY_UISupportedInterfaceOrientations_iPad = "UIInterfaceOrientationPortrait UIInterfaceOrientationPortraitUpsideDown UIInterfaceOrientationLandscapeLeft UIInterfaceOrientationLandscapeRight";
				INFOPLIST_KEY_UISupportedInterfaceOrientations_iPhone = "UIInterfaceOrientationPortrait UIInterfaceOrientationLandscapeLeft UIInterfaceOrientationLandscapeRight";
				LD_RUNPATH_SEARCH_PATHS = (
					"$(inherited)",
					"@executable_path/Frameworks",
				);
				MARKETING_VERSION = 1.0;
				PRODUCT_BUNDLE_IDENTIFIER = "com.victorfer.Flash-Chat";
				PRODUCT_NAME = "$(TARGET_NAME)";
				SWIFT_EMIT_LOC_STRINGS = YES;
				SWIFT_VERSION = 5.0;
				TARGETED_DEVICE_FAMILY = "1,2";
			};
			name = Debug;
		};
		E1C162BE28C585DB00D9BA0C /* Release */ = {
			isa = XCBuildConfiguration;
			baseConfigurationReference = 923675F6BF1DE8D82EF086D2 /* Pods-Flash Chat.release.xcconfig */;
			buildSettings = {
				ASSETCATALOG_COMPILER_APPICON_NAME = AppIcon;
				ASSETCATALOG_COMPILER_GLOBAL_ACCENT_COLOR_NAME = AccentColor;
				CODE_SIGN_STYLE = Automatic;
				CURRENT_PROJECT_VERSION = 1;
				DEVELOPMENT_TEAM = 9MQ9GC3A9C;
				GENERATE_INFOPLIST_FILE = YES;
				INFOPLIST_FILE = "Flash Chat/Info.plist";
				INFOPLIST_KEY_UIApplicationSupportsIndirectInputEvents = YES;
				INFOPLIST_KEY_UILaunchStoryboardName = LaunchScreen;
				INFOPLIST_KEY_UIMainStoryboardFile = Main;
				INFOPLIST_KEY_UISupportedInterfaceOrientations_iPad = "UIInterfaceOrientationPortrait UIInterfaceOrientationPortraitUpsideDown UIInterfaceOrientationLandscapeLeft UIInterfaceOrientationLandscapeRight";
				INFOPLIST_KEY_UISupportedInterfaceOrientations_iPhone = "UIInterfaceOrientationPortrait UIInterfaceOrientationLandscapeLeft UIInterfaceOrientationLandscapeRight";
				LD_RUNPATH_SEARCH_PATHS = (
					"$(inherited)",
					"@executable_path/Frameworks",
				);
				MARKETING_VERSION = 1.0;
				PRODUCT_BUNDLE_IDENTIFIER = "com.victorfer.Flash-Chat";
				PRODUCT_NAME = "$(TARGET_NAME)";
				SWIFT_EMIT_LOC_STRINGS = YES;
				SWIFT_VERSION = 5.0;
				TARGETED_DEVICE_FAMILY = "1,2";
			};
			name = Release;
		};
/* End XCBuildConfiguration section */

/* Begin XCConfigurationList section */
		E1C162A328C585D800D9BA0C /* Build configuration list for PBXProject "Flash Chat" */ = {
			isa = XCConfigurationList;
			buildConfigurations = (
				E1C162BA28C585DB00D9BA0C /* Debug */,
				E1C162BB28C585DB00D9BA0C /* Release */,
			);
			defaultConfigurationIsVisible = 0;
			defaultConfigurationName = Release;
		};
		E1C162BC28C585DB00D9BA0C /* Build configuration list for PBXNativeTarget "Flash Chat" */ = {
			isa = XCConfigurationList;
			buildConfigurations = (
				E1C162BD28C585DB00D9BA0C /* Debug */,
				E1C162BE28C585DB00D9BA0C /* Release */,
			);
			defaultConfigurationIsVisible = 0;
			defaultConfigurationName = Release;
		};
/* End XCConfigurationList section */

/* Begin XCRemoteSwiftPackageReference section */
		E12E349F28C5C206001A7627 /* XCRemoteSwiftPackageReference "IQKeyboardManager" */ = {
			isa = XCRemoteSwiftPackageReference;
			repositoryURL = "https://github.com/hackiftekhar/IQKeyboardManager";
			requirement = {
				kind = upToNextMajorVersion;
				minimumVersion = 6.5.3;
			};
		};
/* End XCRemoteSwiftPackageReference section */

/* Begin XCSwiftPackageProductDependency section */
		E12E34A028C5C206001A7627 /* IQKeyboardManagerSwift */ = {
			isa = XCSwiftPackageProductDependency;
			package = E12E349F28C5C206001A7627 /* XCRemoteSwiftPackageReference "IQKeyboardManager" */;
			productName = IQKeyboardManagerSwift;
		};
/* End XCSwiftPackageProductDependency section */
	};
	rootObject = E1C162A028C585D800D9BA0C /* Project object */;
}
